
Microsoft Visual Studio Solution File, Format Version 12.00
# Visual Studio Version 17
VisualStudioVersion = 17.5.33516.290
MinimumVisualStudioVersion = 10.0.40219.1
Project("{FAE04EC0-301F-11D3-BF4B-00C04F79EFBC}") = "MagicVillaAPI", "MagicVillaAPI\MagicVillaAPI.csproj", "{EF23428D-9AB5-4E72-BD4F-417B5D060307}"
EndProject
Global
	GlobalSection(SolutionConfigurationPlatforms) = preSolution
		Debug|Any CPU = Debug|Any CPU
		Release|Any CPU = Release|Any CPU
	EndGlobalSection
	GlobalSection(ProjectConfigurationPlatforms) = postSolution
		{EF23428D-9AB5-4E72-BD4F-417B5D060307}.Debug|Any CPU.ActiveCfg = Debug|Any CPU
		{EF23428D-9AB5-4E72-BD4F-417B5D060307}.Debug|Any CPU.Build.0 = Debug|Any CPU
		{EF23428D-9AB5-4E72-BD4F-417B5D060307}.Release|Any CPU.ActiveCfg = Release|Any CPU
		{EF23428D-9AB5-4E72-BD4F-417B5D060307}.Release|Any CPU.Build.0 = Release|Any CPU
	EndGlobalSection
	GlobalSection(SolutionProperties) = preSolution
		HideSolutionNode = FALSE
	EndGlobalSection
	GlobalSection(ExtensibilityGlobals) = postSolution
		SolutionGuid = {18B5491A-1E12-4834-97C1-05A763EBC63C}
	EndGlobalSection
EndGlobal
